
Microsoft Visual Studio Solution File, Format Version 12.00
# Visual Studio Version 17
VisualStudioVersion = 17.0.31903.59
MinimumVisualStudioVersion = 10.0.40219.1
Project("{2150E333-8FDC-42A3-9474-1A3956D46DE8}") = "src", "src", "{E932EBF7-C502-4E99-BA04-8461B2ABD8A3}"
EndProject
Project("{FAE04EC0-301F-11D3-BF4B-00C04F79EFBC}") = "FoodDiary", "src\FoodDiary\FoodDiary.csproj", "{B009166A-06AF-40FF-B858-0E5F8BDE62BD}"
EndProject
Project("{2150E333-8FDC-42A3-9474-1A3956D46DE8}") = "tests", "tests", "{CB61943B-C95A-4662-998B-D545FBB02BC1}"
EndProject
Project("{FAE04EC0-301F-11D3-BF4B-00C04F79EFBC}") = "FoodDiary.TDD", "tests\FoodDiary.TDD\FoodDiary.TDD.csproj", "{2F513619-C568-477F-B3AD-E210DFA714F1}"
EndProject
Global
	GlobalSection(SolutionConfigurationPlatforms) = preSolution
		Debug|Any CPU = Debug|Any CPU
		Release|Any CPU = Release|Any CPU
	EndGlobalSection
	GlobalSection(SolutionProperties) = preSolution
		HideSolutionNode = FALSE
	EndGlobalSection
	GlobalSection(ProjectConfigurationPlatforms) = postSolution
		{B009166A-06AF-40FF-B858-0E5F8BDE62BD}.Debug|Any CPU.ActiveCfg = Debug|Any CPU
		{B009166A-06AF-40FF-B858-0E5F8BDE62BD}.Debug|Any CPU.Build.0 = Debug|Any CPU
		{B009166A-06AF-40FF-B858-0E5F8BDE62BD}.Release|Any CPU.ActiveCfg = Release|Any CPU
		{B009166A-06AF-40FF-B858-0E5F8BDE62BD}.Release|Any CPU.Build.0 = Release|Any CPU
		{2F513619-C568-477F-B3AD-E210DFA714F1}.Debug|Any CPU.ActiveCfg = Debug|Any CPU
		{2F513619-C568-477F-B3AD-E210DFA714F1}.Debug|Any CPU.Build.0 = Debug|Any CPU
		{2F513619-C568-477F-B3AD-E210DFA714F1}.Release|Any CPU.ActiveCfg = Release|Any CPU
		{2F513619-C568-477F-B3AD-E210DFA714F1}.Release|Any CPU.Build.0 = Release|Any CPU
	EndGlobalSection
	GlobalSection(NestedProjects) = preSolution
		{B009166A-06AF-40FF-B858-0E5F8BDE62BD} = {E932EBF7-C502-4E99-BA04-8461B2ABD8A3}
		{2F513619-C568-477F-B3AD-E210DFA714F1} = {CB61943B-C95A-4662-998B-D545FBB02BC1}
	EndGlobalSection
EndGlobal
